
Microsoft Visual Studio Solution File, Format Version 12.00
# Visual Studio Version 16
VisualStudioVersion = 16.0.29418.71
MinimumVisualStudioVersion = 10.0.40219.1
Project("{FAE04EC0-301F-11D3-BF4B-00C04F79EFBC}") = "CodeWars.Tests", "CodeWars.Tests\CodeWars.Tests.csproj", "{5B2A262F-27A7-4996-A09F-500A8FB48196}"
EndProject
Project("{9A19103F-16F7-4668-BE54-9A1E7A4F7556}") = "CodeWars.Console", "CodeWars.Console\CodeWars.Console.csproj", "{3563B9CB-E216-4473-8657-2E21BF431672}"
EndProject
Global
	GlobalSection(SolutionConfigurationPlatforms) = preSolution
		Debug|Any CPU = Debug|Any CPU
		Release|Any CPU = Release|Any CPU
	EndGlobalSection
	GlobalSection(ProjectConfigurationPlatforms) = postSolution
		{5B2A262F-27A7-4996-A09F-500A8FB48196}.Debug|Any CPU.ActiveCfg = Debug|Any CPU
		{5B2A262F-27A7-4996-A09F-500A8FB48196}.Debug|Any CPU.Build.0 = Debug|Any CPU
		{5B2A262F-27A7-4996-A09F-500A8FB48196}.Release|Any CPU.ActiveCfg = Release|Any CPU
		{5B2A262F-27A7-4996-A09F-500A8FB48196}.Release|Any CPU.Build.0 = Release|Any CPU
		{3563B9CB-E216-4473-8657-2E21BF431672}.Debug|Any CPU.ActiveCfg = Debug|Any CPU
		{3563B9CB-E216-4473-8657-2E21BF431672}.Debug|Any CPU.Build.0 = Debug|Any CPU
		{3563B9CB-E216-4473-8657-2E21BF431672}.Release|Any CPU.ActiveCfg = Release|Any CPU
		{3563B9CB-E216-4473-8657-2E21BF431672}.Release|Any CPU.Build.0 = Release|Any CPU
	EndGlobalSection
	GlobalSection(SolutionProperties) = preSolution
		HideSolutionNode = FALSE
	EndGlobalSection
	GlobalSection(ExtensibilityGlobals) = postSolution
		SolutionGuid = {273A4C86-A7CE-4498-8513-A6D44BA24CEF}
	EndGlobalSection
EndGlobal
